{
    "_meta": {
        "hash": {
            "sha256": "a9237ef4d5a778226e69ceb506e6ccc1823a098f17caffe169a20cb0f7f86279"
        },
        "pipfile-spec": 6,
        "requires": {
            "python_version": "3.8"
        },
        "sources": [
            {
                "name": "pypi",
                "url": "https://pypi.org/simple",
                "verify_ssl": true
            }
        ]
    }
}